
Microsoft Visual Studio Solution File, Format Version 12.00
# Visual Studio Version 17
VisualStudioVersion = 17.10.35004.147
MinimumVisualStudioVersion = 10.0.40219.1
Project("{FAE04EC0-301F-11D3-BF4B-00C04F79EFBC}") = "assignment2c#", "assignment2c#\assignment2c#.csproj", "{CEE37BEE-BEE5-4037-B09A-24FBDF894FD9}"
EndProject
Global
	GlobalSection(SolutionConfigurationPlatforms) = preSolution
		Debug|Any CPU = Debug|Any CPU
		Release|Any CPU = Release|Any CPU
	EndGlobalSection
	GlobalSection(ProjectConfigurationPlatforms) = postSolution
		{CEE37BEE-BEE5-4037-B09A-24FBDF894FD9}.Debug|Any CPU.ActiveCfg = Debug|Any CPU
		{CEE37BEE-BEE5-4037-B09A-24FBDF894FD9}.Debug|Any CPU.Build.0 = Debug|Any CPU
		{CEE37BEE-BEE5-4037-B09A-24FBDF894FD9}.Release|Any CPU.ActiveCfg = Release|Any CPU
		{CEE37BEE-BEE5-4037-B09A-24FBDF894FD9}.Release|Any CPU.Build.0 = Release|Any CPU
	EndGlobalSection
	GlobalSection(SolutionProperties) = preSolution
		HideSolutionNode = FALSE
	EndGlobalSection
	GlobalSection(ExtensibilityGlobals) = postSolution
		SolutionGuid = {7EB7C608-C6C8-4FE1-BAD8-BE4342823C82}
	EndGlobalSection
EndGlobal
